
Microsoft Visual Studio Solution File, Format Version 12.00
# Visual Studio Version 17
VisualStudioVersion = 17.11.35303.130
MinimumVisualStudioVersion = 10.0.40219.1
Project("{FAE04EC0-301F-11D3-BF4B-00C04F79EFBC}") = "WinFormsApp1", "WinFormsApp1.csproj", "{4A427BEA-D938-4415-A59F-70B61CA66C31}"
EndProject
Global
	GlobalSection(SolutionConfigurationPlatforms) = preSolution
		Debug|Any CPU = Debug|Any CPU
		Release|Any CPU = Release|Any CPU
	EndGlobalSection
	GlobalSection(ProjectConfigurationPlatforms) = postSolution
		{4A427BEA-D938-4415-A59F-70B61CA66C31}.Debug|Any CPU.ActiveCfg = Debug|Any CPU
		{4A427BEA-D938-4415-A59F-70B61CA66C31}.Debug|Any CPU.Build.0 = Debug|Any CPU
		{4A427BEA-D938-4415-A59F-70B61CA66C31}.Release|Any CPU.ActiveCfg = Release|Any CPU
		{4A427BEA-D938-4415-A59F-70B61CA66C31}.Release|Any CPU.Build.0 = Release|Any CPU
	EndGlobalSection
	GlobalSection(SolutionProperties) = preSolution
		HideSolutionNode = FALSE
	EndGlobalSection
	GlobalSection(ExtensibilityGlobals) = postSolution
		SolutionGuid = {E91CEF70-4BF0-4C82-AD42-020F55C6A586}
	EndGlobalSection
EndGlobal
